
Microsoft Visual Studio Solution File, Format Version 12.00
Project("{FAE04EC0-301F-11D3-BF4B-00C04F79EFBC}") = "ConsoleApp", "ConsoleApp\ConsoleApp.csproj", "{B8F51749-2B1C-4CF3-B089-2BD96F873C34}"
EndProject
Project("{FAE04EC0-301F-11D3-BF4B-00C04F79EFBC}") = "ConsoleApp.Tests", "ConsoleApp.Tests\ConsoleApp.Tests.csproj", "{16532FAD-978A-4570-A224-507C8C9F80DA}"
EndProject
Global
	GlobalSection(SolutionConfigurationPlatforms) = preSolution
		Debug|Any CPU = Debug|Any CPU
		Release|Any CPU = Release|Any CPU
	EndGlobalSection
	GlobalSection(ProjectConfigurationPlatforms) = postSolution
		{B8F51749-2B1C-4CF3-B089-2BD96F873C34}.Debug|Any CPU.ActiveCfg = Debug|Any CPU
		{B8F51749-2B1C-4CF3-B089-2BD96F873C34}.Debug|Any CPU.Build.0 = Debug|Any CPU
		{B8F51749-2B1C-4CF3-B089-2BD96F873C34}.Release|Any CPU.ActiveCfg = Release|Any CPU
		{B8F51749-2B1C-4CF3-B089-2BD96F873C34}.Release|Any CPU.Build.0 = Release|Any CPU
		{16532FAD-978A-4570-A224-507C8C9F80DA}.Debug|Any CPU.ActiveCfg = Debug|Any CPU
		{16532FAD-978A-4570-A224-507C8C9F80DA}.Debug|Any CPU.Build.0 = Debug|Any CPU
		{16532FAD-978A-4570-A224-507C8C9F80DA}.Release|Any CPU.ActiveCfg = Release|Any CPU
		{16532FAD-978A-4570-A224-507C8C9F80DA}.Release|Any CPU.Build.0 = Release|Any CPU
	EndGlobalSection
EndGlobal
